
Microsoft Visual Studio Solution File, Format Version 12.00
Project("{FAE04EC0-301F-11D3-BF4B-00C04F79EFBC}") = "APITGateway", "APITGateway\APITGateway.csproj", "{4CB5705A-3F92-4BE0-98AA-89080A07C1DE}"
EndProject
Project("{2150E333-8FDC-42A3-9474-1A3956D46DE8}") = "Services", "Services", "{5CE55D43-026D-48EC-8595-4F00446BF31B}"
EndProject
Project("{FAE04EC0-301F-11D3-BF4B-00C04F79EFBC}") = "Contact.API", "Services\ContactAPI\Contact.API\Contact.API.csproj", "{4BAAE16E-9BBD-4C7C-BA31-EA4245753838}"
EndProject
Project("{2150E333-8FDC-42A3-9474-1A3956D46DE8}") = "ContactAPI", "ContactAPI", "{C9503CDB-E48E-4D52-A06B-5D73FB751640}"
EndProject
Project("{2150E333-8FDC-42A3-9474-1A3956D46DE8}") = "ReservationAPI", "ReservationAPI", "{1A28F9CA-6639-4FC6-9290-F802B8A27624}"
EndProject
Project("{FAE04EC0-301F-11D3-BF4B-00C04F79EFBC}") = "ResAPI", "Services\ReservationAPI\ResAPI\ResAPI.csproj", "{A970BE90-62B6-49C5-8F29-3E7F2A6B46C0}"
EndProject
Project("{FAE04EC0-301F-11D3-BF4B-00C04F79EFBC}") = "Contact.API.Infrastructure", "Services\ContactAPI\Contact.API.Infrastructure\Contact.API.Infrastructure.csproj", "{731E80A2-B029-4025-841C-E69EDE60B6F3}"
EndProject
Project("{FAE04EC0-301F-11D3-BF4B-00C04F79EFBC}") = "Contact.API.Models", "Services\ContactAPI\Contact.API.Models\Contact.API.Models.csproj", "{7041F21B-D217-4CA6-9A6B-6E1F853E0CDC}"
EndProject
Project("{FAE04EC0-301F-11D3-BF4B-00C04F79EFBC}") = "Contact.API.Services", "Services\ContactAPI\Contact.API.Services\Contact.API.Services.csproj", "{7E938F1A-DF84-4E3E-9CCF-9F1813430BF6}"
EndProject
Project("{FAE04EC0-301F-11D3-BF4B-00C04F79EFBC}") = "Reservation.API.Infrastructure", "Services\ReservationAPI\Reservation.API.Infrastructure\Reservation.API.Infrastructure.csproj", "{3CB75D90-7075-4517-B2F4-926CB4895AF4}"
EndProject
Project("{FAE04EC0-301F-11D3-BF4B-00C04F79EFBC}") = "Reservation.API.Services", "Services\ReservationAPI\Reservation.API.Services\Reservation.API.Services.csproj", "{51E65BF8-58F7-48E1-BC17-F30E8F3D46B9}"
EndProject
Project("{FAE04EC0-301F-11D3-BF4B-00C04F79EFBC}") = "Reservation.API.Models", "Services\ReservationAPI\Reservation.API.Models\Reservation.API.Models.csproj", "{9C0EEC0F-3EDD-4787-B77B-9B8AAE1F7D43}"
EndProject
Global
	GlobalSection(SolutionConfigurationPlatforms) = preSolution
		Debug|Any CPU = Debug|Any CPU
		Release|Any CPU = Release|Any CPU
	EndGlobalSection
	GlobalSection(ProjectConfigurationPlatforms) = postSolution
		{4CB5705A-3F92-4BE0-98AA-89080A07C1DE}.Debug|Any CPU.ActiveCfg = Debug|Any CPU
		{4CB5705A-3F92-4BE0-98AA-89080A07C1DE}.Debug|Any CPU.Build.0 = Debug|Any CPU
		{4CB5705A-3F92-4BE0-98AA-89080A07C1DE}.Release|Any CPU.ActiveCfg = Release|Any CPU
		{4CB5705A-3F92-4BE0-98AA-89080A07C1DE}.Release|Any CPU.Build.0 = Release|Any CPU
		{4BAAE16E-9BBD-4C7C-BA31-EA4245753838}.Debug|Any CPU.ActiveCfg = Debug|Any CPU
		{4BAAE16E-9BBD-4C7C-BA31-EA4245753838}.Debug|Any CPU.Build.0 = Debug|Any CPU
		{4BAAE16E-9BBD-4C7C-BA31-EA4245753838}.Release|Any CPU.ActiveCfg = Release|Any CPU
		{4BAAE16E-9BBD-4C7C-BA31-EA4245753838}.Release|Any CPU.Build.0 = Release|Any CPU
		{A970BE90-62B6-49C5-8F29-3E7F2A6B46C0}.Debug|Any CPU.ActiveCfg = Debug|Any CPU
		{A970BE90-62B6-49C5-8F29-3E7F2A6B46C0}.Debug|Any CPU.Build.0 = Debug|Any CPU
		{A970BE90-62B6-49C5-8F29-3E7F2A6B46C0}.Release|Any CPU.ActiveCfg = Release|Any CPU
		{A970BE90-62B6-49C5-8F29-3E7F2A6B46C0}.Release|Any CPU.Build.0 = Release|Any CPU
		{731E80A2-B029-4025-841C-E69EDE60B6F3}.Debug|Any CPU.ActiveCfg = Debug|Any CPU
		{731E80A2-B029-4025-841C-E69EDE60B6F3}.Debug|Any CPU.Build.0 = Debug|Any CPU
		{731E80A2-B029-4025-841C-E69EDE60B6F3}.Release|Any CPU.ActiveCfg = Release|Any CPU
		{731E80A2-B029-4025-841C-E69EDE60B6F3}.Release|Any CPU.Build.0 = Release|Any CPU
		{7041F21B-D217-4CA6-9A6B-6E1F853E0CDC}.Debug|Any CPU.ActiveCfg = Debug|Any CPU
		{7041F21B-D217-4CA6-9A6B-6E1F853E0CDC}.Debug|Any CPU.Build.0 = Debug|Any CPU
		{7041F21B-D217-4CA6-9A6B-6E1F853E0CDC}.Release|Any CPU.ActiveCfg = Release|Any CPU
		{7041F21B-D217-4CA6-9A6B-6E1F853E0CDC}.Release|Any CPU.Build.0 = Release|Any CPU
		{7E938F1A-DF84-4E3E-9CCF-9F1813430BF6}.Debug|Any CPU.ActiveCfg = Debug|Any CPU
		{7E938F1A-DF84-4E3E-9CCF-9F1813430BF6}.Debug|Any CPU.Build.0 = Debug|Any CPU
		{7E938F1A-DF84-4E3E-9CCF-9F1813430BF6}.Release|Any CPU.ActiveCfg = Release|Any CPU
		{7E938F1A-DF84-4E3E-9CCF-9F1813430BF6}.Release|Any CPU.Build.0 = Release|Any CPU
		{3CB75D90-7075-4517-B2F4-926CB4895AF4}.Debug|Any CPU.ActiveCfg = Debug|Any CPU
		{3CB75D90-7075-4517-B2F4-926CB4895AF4}.Debug|Any CPU.Build.0 = Debug|Any CPU
		{3CB75D90-7075-4517-B2F4-926CB4895AF4}.Release|Any CPU.ActiveCfg = Release|Any CPU
		{3CB75D90-7075-4517-B2F4-926CB4895AF4}.Release|Any CPU.Build.0 = Release|Any CPU
		{51E65BF8-58F7-48E1-BC17-F30E8F3D46B9}.Debug|Any CPU.ActiveCfg = Debug|Any CPU
		{51E65BF8-58F7-48E1-BC17-F30E8F3D46B9}.Debug|Any CPU.Build.0 = Debug|Any CPU
		{51E65BF8-58F7-48E1-BC17-F30E8F3D46B9}.Release|Any CPU.ActiveCfg = Release|Any CPU
		{51E65BF8-58F7-48E1-BC17-F30E8F3D46B9}.Release|Any CPU.Build.0 = Release|Any CPU
		{9C0EEC0F-3EDD-4787-B77B-9B8AAE1F7D43}.Debug|Any CPU.ActiveCfg = Debug|Any CPU
		{9C0EEC0F-3EDD-4787-B77B-9B8AAE1F7D43}.Debug|Any CPU.Build.0 = Debug|Any CPU
		{9C0EEC0F-3EDD-4787-B77B-9B8AAE1F7D43}.Release|Any CPU.ActiveCfg = Release|Any CPU
		{9C0EEC0F-3EDD-4787-B77B-9B8AAE1F7D43}.Release|Any CPU.Build.0 = Release|Any CPU
	EndGlobalSection
	GlobalSection(NestedProjects) = preSolution
		{C9503CDB-E48E-4D52-A06B-5D73FB751640} = {5CE55D43-026D-48EC-8595-4F00446BF31B}
		{4BAAE16E-9BBD-4C7C-BA31-EA4245753838} = {C9503CDB-E48E-4D52-A06B-5D73FB751640}
		{1A28F9CA-6639-4FC6-9290-F802B8A27624} = {5CE55D43-026D-48EC-8595-4F00446BF31B}
		{A970BE90-62B6-49C5-8F29-3E7F2A6B46C0} = {1A28F9CA-6639-4FC6-9290-F802B8A27624}
		{731E80A2-B029-4025-841C-E69EDE60B6F3} = {C9503CDB-E48E-4D52-A06B-5D73FB751640}
		{7041F21B-D217-4CA6-9A6B-6E1F853E0CDC} = {C9503CDB-E48E-4D52-A06B-5D73FB751640}
		{7E938F1A-DF84-4E3E-9CCF-9F1813430BF6} = {C9503CDB-E48E-4D52-A06B-5D73FB751640}
		{3CB75D90-7075-4517-B2F4-926CB4895AF4} = {1A28F9CA-6639-4FC6-9290-F802B8A27624}
		{51E65BF8-58F7-48E1-BC17-F30E8F3D46B9} = {1A28F9CA-6639-4FC6-9290-F802B8A27624}
		{9C0EEC0F-3EDD-4787-B77B-9B8AAE1F7D43} = {1A28F9CA-6639-4FC6-9290-F802B8A27624}
	EndGlobalSection
EndGlobal
